
Microsoft Visual Studio Solution File, Format Version 12.00
# Visual Studio Version 17
VisualStudioVersion = 17.8.34309.116
MinimumVisualStudioVersion = 10.0.40219.1
Project("{FAE04EC0-301F-11D3-BF4B-00C04F79EFBC}") = "LabWork5", "LabWork5\LabWork5.csproj", "{F2E2657B-4E32-411D-867C-608DBD03C20C}"
EndProject
Global
	GlobalSection(SolutionConfigurationPlatforms) = preSolution
		Debug|Any CPU = Debug|Any CPU
		Release|Any CPU = Release|Any CPU
	EndGlobalSection
	GlobalSection(ProjectConfigurationPlatforms) = postSolution
		{F2E2657B-4E32-411D-867C-608DBD03C20C}.Debug|Any CPU.ActiveCfg = Debug|Any CPU
		{F2E2657B-4E32-411D-867C-608DBD03C20C}.Debug|Any CPU.Build.0 = Debug|Any CPU
		{F2E2657B-4E32-411D-867C-608DBD03C20C}.Release|Any CPU.ActiveCfg = Release|Any CPU
		{F2E2657B-4E32-411D-867C-608DBD03C20C}.Release|Any CPU.Build.0 = Release|Any CPU
	EndGlobalSection
	GlobalSection(SolutionProperties) = preSolution
		HideSolutionNode = FALSE
	EndGlobalSection
	GlobalSection(ExtensibilityGlobals) = postSolution
		SolutionGuid = {4BDE4321-85F1-480A-B188-B7EB1CA33E6A}
	EndGlobalSection
EndGlobal
